<?xml version="1.0" encoding="utf-8"?>
<Project ToolsVersion="4.0" xmlns="http://schemas.microsoft.com/developer/msbuild/2003">
  <ItemGroup>
    <Filter Include="源文件">
      <UniqueIdentifier>{4FC737F1-C7A5-4376-A066-2A32D752A2FF}</UniqueIdentifier>
      <Extensions>cpp;c;cc;cxx;def;odl;idl;hpj;bat;asm;asmx</Extensions>
    </Filter>
    <Filter Include="头文件">
      <UniqueIdentifier>{93995380-89BD-4b04-88EB-625FBE52EBFB}</UniqueIdentifier>
      <Extensions>h;hpp;hxx;hm;inl;inc;xsd</Extensions>
    </Filter>
    <Filter Include="资源文件">
      <UniqueIdentifier>{67DA6AB6-F800-4c08-8B7A-83BB121AAD01}</UniqueIdentifier>
      <Extensions>rc;ico;cur;bmp;dlg;rc2;rct;bin;rgs;gif;jpg;jpeg;jpe;resx;tiff;tif;png;wav;mfcribbon-ms</Extensions>
    </Filter>
    <Filter Include="头文件\utils">
      <UniqueIdentifier>{6a16a209-d8c5-4641-ac4a-a22108fedb00}</UniqueIdentifier>
    </Filter>
    <Filter Include="源文件\utils">
      <UniqueIdentifier>{18993702-24c3-424a-8666-4bf135f68a47}</UniqueIdentifier>
    </Filter>
    <Filter Include="头文件\Objects">
      <UniqueIdentifier>{4b0d7ba7-dcbf-47b5-925f-0be784ff731b}</UniqueIdentifier>
    </Filter>
    <Filter Include="源文件\Objects">
      <UniqueIdentifier>{4d6b3e3d-1535-4925-a8ed-161db3a6abeb}</UniqueIdentifier>
    </Filter>
    <Filter Include="头文件\work">
      <UniqueIdentifier>{f8c80c8a-a6b6-4965-927d-ecdb06196b47}</UniqueIdentifier>
    </Filter>
    <Filter Include="源文件\work">
      <UniqueIdentifier>{30d37d80-b279-4eec-ac62-8147afa6a8a8}</UniqueIdentifier>
    </Filter>
  </ItemGroup>
  <ItemGroup>
    <Text Include="ReadMe.txt" />
  </ItemGroup>
  <ItemGroup>
    <ClInclude Include="rayTracing.h">
      <Filter>头文件</Filter>
    </ClInclude>
    <ClInclude Include="DlgMain.h">
      <Filter>头文件</Filter>
    </ClInclude>
    <ClInclude Include="stdafx.h">
      <Filter>头文件</Filter>
    </ClInclude>
    <ClInclude Include="targetver.h">
      <Filter>头文件</Filter>
    </ClInclude>
    <ClInclude Include="Resource.h">
      <Filter>头文件</Filter>
    </ClInclude>
    <ClInclude Include="FileUtils.h">
      <Filter>头文件\utils</Filter>
    </ClInclude>
    <ClInclude Include="camera.h">
      <Filter>头文件\Objects</Filter>
    </ClInclude>
    <ClInclude Include="common.h">
      <Filter>头文件\utils</Filter>
    </ClInclude>
    <ClInclude Include="graph.h">
      <Filter>头文件\utils</Filter>
    </ClInclude>
    <ClInclude Include="work.h">
      <Filter>头文件\work</Filter>
    </ClInclude>
    <ClInclude Include="object.h">
      <Filter>头文件\Objects</Filter>
    </ClInclude>
    <ClInclude Include="parser\SimpleObject.h">
      <Filter>头文件\utils</Filter>
    </ClInclude>
    <ClInclude Include="parser\Vec3f.h">
      <Filter>头文件\utils</Filter>
    </ClInclude>
    <ClInclude Include="octtree.h">
      <Filter>头文件\utils</Filter>
    </ClInclude>
  </ItemGroup>
  <ItemGroup>
    <ClCompile Include="rayTracing.cpp">
      <Filter>源文件</Filter>
    </ClCompile>
    <ClCompile Include="DlgMain.cpp">
      <Filter>源文件</Filter>
    </ClCompile>
    <ClCompile Include="stdafx.cpp">
      <Filter>源文件</Filter>
    </ClCompile>
    <ClCompile Include="FileUtils.cpp">
      <Filter>源文件\utils</Filter>
    </ClCompile>
    <ClCompile Include="camera.cpp">
      <Filter>源文件\Objects</Filter>
    </ClCompile>
    <ClCompile Include="common.cpp">
      <Filter>源文件\utils</Filter>
    </ClCompile>
    <ClCompile Include="graph.cpp">
      <Filter>源文件\utils</Filter>
    </ClCompile>
    <ClCompile Include="work.cpp">
      <Filter>源文件\work</Filter>
    </ClCompile>
    <ClCompile Include="object.cpp">
      <Filter>源文件\Objects</Filter>
    </ClCompile>
    <ClCompile Include="parser\Vec3f.cpp">
      <Filter>源文件\utils</Filter>
    </ClCompile>
    <ClCompile Include="parser\SimpleObject.cpp">
      <Filter>源文件\utils</Filter>
    </ClCompile>
    <ClCompile Include="octtree.cpp">
      <Filter>源文件\utils</Filter>
    </ClCompile>
  </ItemGroup>
  <ItemGroup>
    <ResourceCompile Include="rayTracing.rc">
      <Filter>资源文件</Filter>
    </ResourceCompile>
  </ItemGroup>
  <ItemGroup>
    <None Include="res\rayTracing.rc2">
      <Filter>资源文件</Filter>
    </None>
  </ItemGroup>
  <ItemGroup>
    <Image Include="res\rayTracing.ico">
      <Filter>资源文件</Filter>
    </Image>
  </ItemGroup>
</Project>